// !$*UTF8*$!
{
	archiveVersion = 1;
	classes = {
	};
	objectVersion = 56;
	objects = {

/* Begin PBXBuildFile section */
		C5F0B0C72C53EA01004CD80F /* SushiGardenApp.swift in Sources */ = {isa = PBXBuildFile; fileRef = C5F0B0C62C53EA01004CD80F /* SushiGardenApp.swift */; };
		C5F0B0C92C53EA01004CD80F /* AuthView.swift in Sources */ = {isa = PBXBuildFile; fileRef = C5F0B0C82C53EA01004CD80F /* AuthView.swift */; };
		C5F0B0CB2C53EA04004CD80F /* Assets.xcassets in Resources */ = {isa = PBXBuildFile; fileRef = C5F0B0CA2C53EA04004CD80F /* Assets.xcassets */; };
		C5F0B0CE2C53EA04004CD80F /* Preview Assets.xcassets in Resources */ = {isa = PBXBuildFile; fileRef = C5F0B0CD2C53EA04004CD80F /* Preview Assets.xcassets */; };
		C5F0B0D82C53F7AA004CD80F /* Color.swift in Sources */ = {isa = PBXBuildFile; fileRef = C5F0B0D72C53F7AA004CD80F /* Color.swift */; };
		C5F0B0DE2C54D7B4004CD80F /* AnimatedGradient.swift in Sources */ = {isa = PBXBuildFile; fileRef = C5F0B0DA2C54D7B4004CD80F /* AnimatedGradient.swift */; };
		C5F0B0DF2C54D7B4004CD80F /* TextFieldStyle.swift in Sources */ = {isa = PBXBuildFile; fileRef = C5F0B0DC2C54D7B4004CD80F /* TextFieldStyle.swift */; };
		C5F0B0E02C54D7B4004CD80F /* CustomTextField.swift in Sources */ = {isa = PBXBuildFile; fileRef = C5F0B0DD2C54D7B4004CD80F /* CustomTextField.swift */; };
		C5F0B0E32C54D7E5004CD80F /* Regex.swift in Sources */ = {isa = PBXBuildFile; fileRef = C5F0B0E22C54D7E5004CD80F /* Regex.swift */; };
		C5F0B0E52C54D7EF004CD80F /* AuthViewModel.swift in Sources */ = {isa = PBXBuildFile; fileRef = C5F0B0E42C54D7EF004CD80F /* AuthViewModel.swift */; };
		C5F0B0E72C54D83B004CD80F /* String.swift in Sources */ = {isa = PBXBuildFile; fileRef = C5F0B0E62C54D83B004CD80F /* String.swift */; };
		C5F0B0EB2C54E190004CD80F /* TabBarView.swift in Sources */ = {isa = PBXBuildFile; fileRef = C5F0B0EA2C54E190004CD80F /* TabBarView.swift */; };
		C5F0B0ED2C54E4A8004CD80F /* ProfileView.swift in Sources */ = {isa = PBXBuildFile; fileRef = C5F0B0EC2C54E4A8004CD80F /* ProfileView.swift */; };
		C5F0B0EF2C54E4B1004CD80F /* CatalogeView.swift in Sources */ = {isa = PBXBuildFile; fileRef = C5F0B0EE2C54E4B1004CD80F /* CatalogeView.swift */; };
		C5F0B0F12C54E4BE004CD80F /* OrdersView.swift in Sources */ = {isa = PBXBuildFile; fileRef = C5F0B0F02C54E4BE004CD80F /* OrdersView.swift */; };
		C5F0B0F42C54F59C004CD80F /* ProductCell.swift in Sources */ = {isa = PBXBuildFile; fileRef = C5F0B0F32C54F59C004CD80F /* ProductCell.swift */; };
		C5F0B0F62C54F5F7004CD80F /* Product.swift in Sources */ = {isa = PBXBuildFile; fileRef = C5F0B0F52C54F5F7004CD80F /* Product.swift */; };
		C5F0B0F82C550359004CD80F /* CataloveViewModel.swift in Sources */ = {isa = PBXBuildFile; fileRef = C5F0B0F72C550359004CD80F /* CataloveViewModel.swift */; };
/* End PBXBuildFile section */

/* Begin PBXFileReference section */
		C5F0B0C32C53EA01004CD80F /* SushiGarden.app */ = {isa = PBXFileReference; explicitFileType = wrapper.application; includeInIndex = 0; path = SushiGarden.app; sourceTree = BUILT_PRODUCTS_DIR; };
		C5F0B0C62C53EA01004CD80F /* SushiGardenApp.swift */ = {isa = PBXFileReference; lastKnownFileType = sourcecode.swift; path = SushiGardenApp.swift; sourceTree = "<group>"; };
		C5F0B0C82C53EA01004CD80F /* AuthView.swift */ = {isa = PBXFileReference; lastKnownFileType = sourcecode.swift; path = AuthView.swift; sourceTree = "<group>"; };
		C5F0B0CA2C53EA04004CD80F /* Assets.xcassets */ = {isa = PBXFileReference; lastKnownFileType = folder.assetcatalog; path = Assets.xcassets; sourceTree = "<group>"; };
		C5F0B0CD2C53EA04004CD80F /* Preview Assets.xcassets */ = {isa = PBXFileReference; lastKnownFileType = folder.assetcatalog; path = "Preview Assets.xcassets"; sourceTree = "<group>"; };
		C5F0B0D72C53F7AA004CD80F /* Color.swift */ = {isa = PBXFileReference; lastKnownFileType = sourcecode.swift; path = Color.swift; sourceTree = "<group>"; };
		C5F0B0DA2C54D7B4004CD80F /* AnimatedGradient.swift */ = {isa = PBXFileReference; fileEncoding = 4; lastKnownFileType = sourcecode.swift; path = AnimatedGradient.swift; sourceTree = "<group>"; };
		C5F0B0DC2C54D7B4004CD80F /* TextFieldStyle.swift */ = {isa = PBXFileReference; fileEncoding = 4; lastKnownFileType = sourcecode.swift; path = TextFieldStyle.swift; sourceTree = "<group>"; };
		C5F0B0DD2C54D7B4004CD80F /* CustomTextField.swift */ = {isa = PBXFileReference; fileEncoding = 4; lastKnownFileType = sourcecode.swift; path = CustomTextField.swift; sourceTree = "<group>"; };
		C5F0B0E22C54D7E5004CD80F /* Regex.swift */ = {isa = PBXFileReference; fileEncoding = 4; lastKnownFileType = sourcecode.swift; path = Regex.swift; sourceTree = "<group>"; };
		C5F0B0E42C54D7EF004CD80F /* AuthViewModel.swift */ = {isa = PBXFileReference; fileEncoding = 4; lastKnownFileType = sourcecode.swift; path = AuthViewModel.swift; sourceTree = "<group>"; };
		C5F0B0E62C54D83B004CD80F /* String.swift */ = {isa = PBXFileReference; fileEncoding = 4; lastKnownFileType = sourcecode.swift; path = String.swift; sourceTree = "<group>"; };
		C5F0B0EA2C54E190004CD80F /* TabBarView.swift */ = {isa = PBXFileReference; lastKnownFileType = sourcecode.swift; path = TabBarView.swift; sourceTree = "<group>"; };
		C5F0B0EC2C54E4A8004CD80F /* ProfileView.swift */ = {isa = PBXFileReference; lastKnownFileType = sourcecode.swift; path = ProfileView.swift; sourceTree = "<group>"; };
		C5F0B0EE2C54E4B1004CD80F /* CatalogeView.swift */ = {isa = PBXFileReference; lastKnownFileType = sourcecode.swift; path = CatalogeView.swift; sourceTree = "<group>"; };
		C5F0B0F02C54E4BE004CD80F /* OrdersView.swift */ = {isa = PBXFileReference; lastKnownFileType = sourcecode.swift; path = OrdersView.swift; sourceTree = "<group>"; };
		C5F0B0F32C54F59C004CD80F /* ProductCell.swift */ = {isa = PBXFileReference; fileEncoding = 4; lastKnownFileType = sourcecode.swift; path = ProductCell.swift; sourceTree = "<group>"; };
		C5F0B0F52C54F5F7004CD80F /* Product.swift */ = {isa = PBXFileReference; fileEncoding = 4; lastKnownFileType = sourcecode.swift; path = Product.swift; sourceTree = "<group>"; };
		C5F0B0F72C550359004CD80F /* CataloveViewModel.swift */ = {isa = PBXFileReference; lastKnownFileType = sourcecode.swift; path = CataloveViewModel.swift; sourceTree = "<group>"; };
/* End PBXFileReference section */

/* Begin PBXFrameworksBuildPhase section */
		C5F0B0C02C53EA01004CD80F /* Frameworks */ = {
			isa = PBXFrameworksBuildPhase;
			buildActionMask = 2147483647;
			files = (
			);
			runOnlyForDeploymentPostprocessing = 0;
		};
/* End PBXFrameworksBuildPhase section */

/* Begin PBXGroup section */
		C5F0B0BA2C53EA01004CD80F = {
			isa = PBXGroup;
			children = (
				C5F0B0C52C53EA01004CD80F /* SushiGarden */,
				C5F0B0C42C53EA01004CD80F /* Products */,
			);
			sourceTree = "<group>";
		};
		C5F0B0C42C53EA01004CD80F /* Products */ = {
			isa = PBXGroup;
			children = (
				C5F0B0C32C53EA01004CD80F /* SushiGarden.app */,
			);
			name = Products;
			sourceTree = "<group>";
		};
		C5F0B0C52C53EA01004CD80F /* SushiGarden */ = {
			isa = PBXGroup;
			children = (
				C5F0B0F52C54F5F7004CD80F /* Product.swift */,
				C5F0B0C62C53EA01004CD80F /* SushiGardenApp.swift */,
				C5F0B0E92C54E101004CD80F /* ViewModel */,
				C5F0B0E82C54E0EC004CD80F /* View */,
				C5F0B0E12C54D7E5004CD80F /* Enum */,
				C5F0B0D92C54D7B4004CD80F /* CommonUI */,
				C5F0B0DB2C54D7B4004CD80F /* Styles */,
				C5F0B0D62C53F79E004CD80F /* Extension */,
			);
			path = SushiGarden;
			sourceTree = "<group>";
		};
		C5F0B0CC2C53EA04004CD80F /* Preview Content */ = {
			isa = PBXGroup;
			children = (
				C5F0B0CD2C53EA04004CD80F /* Preview Assets.xcassets */,
			);
			path = "Preview Content";
			sourceTree = "<group>";
		};
		C5F0B0D62C53F79E004CD80F /* Extension */ = {
			isa = PBXGroup;
			children = (
				C5F0B0CC2C53EA04004CD80F /* Preview Content */,
				C5F0B0CA2C53EA04004CD80F /* Assets.xcassets */,
				C5F0B0E62C54D83B004CD80F /* String.swift */,
				C5F0B0D72C53F7AA004CD80F /* Color.swift */,
			);
			path = Extension;
			sourceTree = "<group>";
		};
		C5F0B0D92C54D7B4004CD80F /* CommonUI */ = {
			isa = PBXGroup;
			children = (
				C5F0B0DA2C54D7B4004CD80F /* AnimatedGradient.swift */,
				C5F0B0DD2C54D7B4004CD80F /* CustomTextField.swift */,
			);
			path = CommonUI;
			sourceTree = "<group>";
		};
		C5F0B0DB2C54D7B4004CD80F /* Styles */ = {
			isa = PBXGroup;
			children = (
				C5F0B0DC2C54D7B4004CD80F /* TextFieldStyle.swift */,
			);
			path = Styles;
			sourceTree = "<group>";
		};
		C5F0B0E12C54D7E5004CD80F /* Enum */ = {
			isa = PBXGroup;
			children = (
				C5F0B0E22C54D7E5004CD80F /* Regex.swift */,
			);
			path = Enum;
			sourceTree = "<group>";
		};
		C5F0B0E82C54E0EC004CD80F /* View */ = {
			isa = PBXGroup;
			children = (
				C5F0B0EE2C54E4B1004CD80F /* CatalogeView.swift */,
				C5F0B0F32C54F59C004CD80F /* ProductCell.swift */,
				C5F0B0C82C53EA01004CD80F /* AuthView.swift */,
				C5F0B0EA2C54E190004CD80F /* TabBarView.swift */,
				C5F0B0EC2C54E4A8004CD80F /* ProfileView.swift */,
				C5F0B0F02C54E4BE004CD80F /* OrdersView.swift */,
			);
			path = View;
			sourceTree = "<group>";
		};
		C5F0B0E92C54E101004CD80F /* ViewModel */ = {
			isa = PBXGroup;
			children = (
				C5F0B0F72C550359004CD80F /* CataloveViewModel.swift */,
				C5F0B0E42C54D7EF004CD80F /* AuthViewModel.swift */,
			);
			path = ViewModel;
			sourceTree = "<group>";
		};
/* End PBXGroup section */

/* Begin PBXNativeTarget section */
		C5F0B0C22C53EA01004CD80F /* SushiGarden */ = {
			isa = PBXNativeTarget;
			buildConfigurationList = C5F0B0D12C53EA04004CD80F /* Build configuration list for PBXNativeTarget "SushiGarden" */;
			buildPhases = (
				C5F0B0BF2C53EA01004CD80F /* Sources */,
				C5F0B0C02C53EA01004CD80F /* Frameworks */,
				C5F0B0C12C53EA01004CD80F /* Resources */,
			);
			buildRules = (
			);
			dependencies = (
			);
			name = SushiGarden;
			productName = SushiGarden;
			productReference = C5F0B0C32C53EA01004CD80F /* SushiGarden.app */;
			productType = "com.apple.product-type.application";
		};
/* End PBXNativeTarget section */

/* Begin PBXProject section */
		C5F0B0BB2C53EA01004CD80F /* Project object */ = {
			isa = PBXProject;
			attributes = {
				BuildIndependentTargetsInParallel = 1;
				LastSwiftUpdateCheck = 1520;
				LastUpgradeCheck = 1520;
				TargetAttributes = {
					C5F0B0C22C53EA01004CD80F = {
						CreatedOnToolsVersion = 15.2;
					};
				};
			};
			buildConfigurationList = C5F0B0BE2C53EA01004CD80F /* Build configuration list for PBXProject "SushiGarden" */;
			compatibilityVersion = "Xcode 14.0";
			developmentRegion = en;
			hasScannedForEncodings = 0;
			knownRegions = (
				en,
				Base,
			);
			mainGroup = C5F0B0BA2C53EA01004CD80F;
			productRefGroup = C5F0B0C42C53EA01004CD80F /* Products */;
			projectDirPath = "";
			projectRoot = "";
			targets = (
				C5F0B0C22C53EA01004CD80F /* SushiGarden */,
			);
		};
/* End PBXProject section */

/* Begin PBXResourcesBuildPhase section */
		C5F0B0C12C53EA01004CD80F /* Resources */ = {
			isa = PBXResourcesBuildPhase;
			buildActionMask = 2147483647;
			files = (
				C5F0B0CE2C53EA04004CD80F /* Preview Assets.xcassets in Resources */,
				C5F0B0CB2C53EA04004CD80F /* Assets.xcassets in Resources */,
			);
			runOnlyForDeploymentPostprocessing = 0;
		};
/* End PBXResourcesBuildPhase section */

/* Begin PBXSourcesBuildPhase section */
		C5F0B0BF2C53EA01004CD80F /* Sources */ = {
			isa = PBXSourcesBuildPhase;
			buildActionMask = 2147483647;
			files = (
				C5F0B0EF2C54E4B1004CD80F /* CatalogeView.swift in Sources */,
				C5F0B0E02C54D7B4004CD80F /* CustomTextField.swift in Sources */,
				C5F0B0F62C54F5F7004CD80F /* Product.swift in Sources */,
				C5F0B0E52C54D7EF004CD80F /* AuthViewModel.swift in Sources */,
				C5F0B0E32C54D7E5004CD80F /* Regex.swift in Sources */,
				C5F0B0E72C54D83B004CD80F /* String.swift in Sources */,
				C5F0B0F42C54F59C004CD80F /* ProductCell.swift in Sources */,
				C5F0B0C92C53EA01004CD80F /* AuthView.swift in Sources */,
				C5F0B0D82C53F7AA004CD80F /* Color.swift in Sources */,
				C5F0B0C72C53EA01004CD80F /* SushiGardenApp.swift in Sources */,
				C5F0B0F12C54E4BE004CD80F /* OrdersView.swift in Sources */,
				C5F0B0DF2C54D7B4004CD80F /* TextFieldStyle.swift in Sources */,
				C5F0B0DE2C54D7B4004CD80F /* AnimatedGradient.swift in Sources */,
				C5F0B0F82C550359004CD80F /* CataloveViewModel.swift in Sources */,
				C5F0B0ED2C54E4A8004CD80F /* ProfileView.swift in Sources */,
				C5F0B0EB2C54E190004CD80F /* TabBarView.swift in Sources */,
			);
			runOnlyForDeploymentPostprocessing = 0;
		};
/* End PBXSourcesBuildPhase section */

/* Begin XCBuildConfiguration section */
		C5F0B0CF2C53EA04004CD80F /* Debug */ = {
			isa = XCBuildConfiguration;
			buildSettings = {
				ALWAYS_SEARCH_USER_PATHS = NO;
				ASSETCATALOG_COMPILER_GENERATE_SWIFT_ASSET_SYMBOL_EXTENSIONS = YES;
				CLANG_ANALYZER_NONNULL = YES;
				CLANG_ANALYZER_NUMBER_OBJECT_CONVERSION = YES_AGGRESSIVE;
				CLANG_CXX_LANGUAGE_STANDARD = "gnu++20";
				CLANG_ENABLE_MODULES = YES;
				CLANG_ENABLE_OBJC_ARC = YES;
				CLANG_ENABLE_OBJC_WEAK = YES;
				CLANG_WARN_BLOCK_CAPTURE_AUTORELEASING = YES;
				CLANG_WARN_BOOL_CONVERSION = YES;
				CLANG_WARN_COMMA = YES;
				CLANG_WARN_CONSTANT_CONVERSION = YES;
				CLANG_WARN_DEPRECATED_OBJC_IMPLEMENTATIONS = YES;
				CLANG_WARN_DIRECT_OBJC_ISA_USAGE = YES_ERROR;
				CLANG_WARN_DOCUMENTATION_COMMENTS = YES;
				CLANG_WARN_EMPTY_BODY = YES;
				CLANG_WARN_ENUM_CONVERSION = YES;
				CLANG_WARN_INFINITE_RECURSION = YES;
				CLANG_WARN_INT_CONVERSION = YES;
				CLANG_WARN_NON_LITERAL_NULL_CONVERSION = YES;
				CLANG_WARN_OBJC_IMPLICIT_RETAIN_SELF = YES;
				CLANG_WARN_OBJC_LITERAL_CONVERSION = YES;
				CLANG_WARN_OBJC_ROOT_CLASS = YES_ERROR;
				CLANG_WARN_QUOTED_INCLUDE_IN_FRAMEWORK_HEADER = YES;
				CLANG_WARN_RANGE_LOOP_ANALYSIS = YES;
				CLANG_WARN_STRICT_PROTOTYPES = YES;
				CLANG_WARN_SUSPICIOUS_MOVE = YES;
				CLANG_WARN_UNGUARDED_AVAILABILITY = YES_AGGRESSIVE;
				CLANG_WARN_UNREACHABLE_CODE = YES;
				CLANG_WARN__DUPLICATE_METHOD_MATCH = YES;
				COPY_PHASE_STRIP = NO;
				DEBUG_INFORMATION_FORMAT = dwarf;
				ENABLE_STRICT_OBJC_MSGSEND = YES;
				ENABLE_TESTABILITY = YES;
				ENABLE_USER_SCRIPT_SANDBOXING = YES;
				GCC_C_LANGUAGE_STANDARD = gnu17;
				GCC_DYNAMIC_NO_PIC = NO;
				GCC_NO_COMMON_BLOCKS = YES;
				GCC_OPTIMIZATION_LEVEL = 0;
				GCC_PREPROCESSOR_DEFINITIONS = (
					"DEBUG=1",
					"$(inherited)",
				);
				GCC_WARN_64_TO_32_BIT_CONVERSION = YES;
				GCC_WARN_ABOUT_RETURN_TYPE = YES_ERROR;
				GCC_WARN_UNDECLARED_SELECTOR = YES;
				GCC_WARN_UNINITIALIZED_AUTOS = YES_AGGRESSIVE;
				GCC_WARN_UNUSED_FUNCTION = YES;
				GCC_WARN_UNUSED_VARIABLE = YES;
				IPHONEOS_DEPLOYMENT_TARGET = 17.2;
				LOCALIZATION_PREFERS_STRING_CATALOGS = YES;
				MTL_ENABLE_DEBUG_INFO = INCLUDE_SOURCE;
				MTL_FAST_MATH = YES;
				ONLY_ACTIVE_ARCH = YES;
				SDKROOT = iphoneos;
				SWIFT_ACTIVE_COMPILATION_CONDITIONS = "DEBUG $(inherited)";
				SWIFT_OPTIMIZATION_LEVEL = "-Onone";
			};
			name = Debug;
		};
		C5F0B0D02C53EA04004CD80F /* Release */ = {
			isa = XCBuildConfiguration;
			buildSettings = {
				ALWAYS_SEARCH_USER_PATHS = NO;
				ASSETCATALOG_COMPILER_GENERATE_SWIFT_ASSET_SYMBOL_EXTENSIONS = YES;
				CLANG_ANALYZER_NONNULL = YES;
				CLANG_ANALYZER_NUMBER_OBJECT_CONVERSION = YES_AGGRESSIVE;
				CLANG_CXX_LANGUAGE_STANDARD = "gnu++20";
				CLANG_ENABLE_MODULES = YES;
				CLANG_ENABLE_OBJC_ARC = YES;
				CLANG_ENABLE_OBJC_WEAK = YES;
				CLANG_WARN_BLOCK_CAPTURE_AUTORELEASING = YES;
				CLANG_WARN_BOOL_CONVERSION = YES;
				CLANG_WARN_COMMA = YES;
				CLANG_WARN_CONSTANT_CONVERSION = YES;
				CLANG_WARN_DEPRECATED_OBJC_IMPLEMENTATIONS = YES;
				CLANG_WARN_DIRECT_OBJC_ISA_USAGE = YES_ERROR;
				CLANG_WARN_DOCUMENTATION_COMMENTS = YES;
				CLANG_WARN_EMPTY_BODY = YES;
				CLANG_WARN_ENUM_CONVERSION = YES;
				CLANG_WARN_INFINITE_RECURSION = YES;
				CLANG_WARN_INT_CONVERSION = YES;
				CLANG_WARN_NON_LITERAL_NULL_CONVERSION = YES;
				CLANG_WARN_OBJC_IMPLICIT_RETAIN_SELF = YES;
				CLANG_WARN_OBJC_LITERAL_CONVERSION = YES;
				CLANG_WARN_OBJC_ROOT_CLASS = YES_ERROR;
				CLANG_WARN_QUOTED_INCLUDE_IN_FRAMEWORK_HEADER = YES;
				CLANG_WARN_RANGE_LOOP_ANALYSIS = YES;
				CLANG_WARN_STRICT_PROTOTYPES = YES;
				CLANG_WARN_SUSPICIOUS_MOVE = YES;
				CLANG_WARN_UNGUARDED_AVAILABILITY = YES_AGGRESSIVE;
				CLANG_WARN_UNREACHABLE_CODE = YES;
				CLANG_WARN__DUPLICATE_METHOD_MATCH = YES;
				COPY_PHASE_STRIP = NO;
				DEBUG_INFORMATION_FORMAT = "dwarf-with-dsym";
				ENABLE_NS_ASSERTIONS = NO;
				ENABLE_STRICT_OBJC_MSGSEND = YES;
				ENABLE_USER_SCRIPT_SANDBOXING = YES;
				GCC_C_LANGUAGE_STANDARD = gnu17;
				GCC_NO_COMMON_BLOCKS = YES;
				GCC_WARN_64_TO_32_BIT_CONVERSION = YES;
				GCC_WARN_ABOUT_RETURN_TYPE = YES_ERROR;
				GCC_WARN_UNDECLARED_SELECTOR = YES;
				GCC_WARN_UNINITIALIZED_AUTOS = YES_AGGRESSIVE;
				GCC_WARN_UNUSED_FUNCTION = YES;
				GCC_WARN_UNUSED_VARIABLE = YES;
				IPHONEOS_DEPLOYMENT_TARGET = 17.2;
				LOCALIZATION_PREFERS_STRING_CATALOGS = YES;
				MTL_ENABLE_DEBUG_INFO = NO;
				MTL_FAST_MATH = YES;
				SDKROOT = iphoneos;
				SWIFT_COMPILATION_MODE = wholemodule;
				VALIDATE_PRODUCT = YES;
			};
			name = Release;
		};
		C5F0B0D22C53EA04004CD80F /* Debug */ = {
			isa = XCBuildConfiguration;
			buildSettings = {
				ASSETCATALOG_COMPILER_APPICON_NAME = AppIcon;
				ASSETCATALOG_COMPILER_GLOBAL_ACCENT_COLOR_NAME = AccentColor;
				CODE_SIGN_STYLE = Automatic;
				CURRENT_PROJECT_VERSION = 1;
				DEVELOPMENT_ASSET_PATHS = "\"SushiGarden/Extension/Preview Content\"";
				DEVELOPMENT_TEAM = U8M8JK4Z5Q;
				ENABLE_PREVIEWS = YES;
				GENERATE_INFOPLIST_FILE = YES;
				INFOPLIST_KEY_UIApplicationSceneManifest_Generation = YES;
				INFOPLIST_KEY_UIApplicationSupportsIndirectInputEvents = YES;
				INFOPLIST_KEY_UILaunchScreen_Generation = YES;
				INFOPLIST_KEY_UISupportedInterfaceOrientations_iPad = "UIInterfaceOrientationPortrait UIInterfaceOrientationPortraitUpsideDown UIInterfaceOrientationLandscapeLeft UIInterfaceOrientationLandscapeRight";
				INFOPLIST_KEY_UISupportedInterfaceOrientations_iPhone = "UIInterfaceOrientationPortrait UIInterfaceOrientationLandscapeLeft UIInterfaceOrientationLandscapeRight";
				LD_RUNPATH_SEARCH_PATHS = (
					"$(inherited)",
					"@executable_path/Frameworks",
				);
				MARKETING_VERSION = 1.0;
				PRODUCT_BUNDLE_IDENTIFIER = SergeyVSwift.SushiGarden;
				PRODUCT_NAME = "$(TARGET_NAME)";
				SWIFT_EMIT_LOC_STRINGS = YES;
				SWIFT_VERSION = 5.0;
				TARGETED_DEVICE_FAMILY = "1,2";
			};
			name = Debug;
		};
		C5F0B0D32C53EA04004CD80F /* Release */ = {
			isa = XCBuildConfiguration;
			buildSettings = {
				ASSETCATALOG_COMPILER_APPICON_NAME = AppIcon;
				ASSETCATALOG_COMPILER_GLOBAL_ACCENT_COLOR_NAME = AccentColor;
				CODE_SIGN_STYLE = Automatic;
				CURRENT_PROJECT_VERSION = 1;
				DEVELOPMENT_ASSET_PATHS = "\"SushiGarden/Extension/Preview Content\"";
				DEVELOPMENT_TEAM = U8M8JK4Z5Q;
				ENABLE_PREVIEWS = YES;
				GENERATE_INFOPLIST_FILE = YES;
				INFOPLIST_KEY_UIApplicationSceneManifest_Generation = YES;
				INFOPLIST_KEY_UIApplicationSupportsIndirectInputEvents = YES;
				INFOPLIST_KEY_UILaunchScreen_Generation = YES;
				INFOPLIST_KEY_UISupportedInterfaceOrientations_iPad = "UIInterfaceOrientationPortrait UIInterfaceOrientationPortraitUpsideDown UIInterfaceOrientationLandscapeLeft UIInterfaceOrientationLandscapeRight";
				INFOPLIST_KEY_UISupportedInterfaceOrientations_iPhone = "UIInterfaceOrientationPortrait UIInterfaceOrientationLandscapeLeft UIInterfaceOrientationLandscapeRight";
				LD_RUNPATH_SEARCH_PATHS = (
					"$(inherited)",
					"@executable_path/Frameworks",
				);
				MARKETING_VERSION = 1.0;
				PRODUCT_BUNDLE_IDENTIFIER = SergeyVSwift.SushiGarden;
				PRODUCT_NAME = "$(TARGET_NAME)";
				SWIFT_EMIT_LOC_STRINGS = YES;
				SWIFT_VERSION = 5.0;
				TARGETED_DEVICE_FAMILY = "1,2";
			};
			name = Release;
		};
/* End XCBuildConfiguration section */

/* Begin XCConfigurationList section */
		C5F0B0BE2C53EA01004CD80F /* Build configuration list for PBXProject "SushiGarden" */ = {
			isa = XCConfigurationList;
			buildConfigurations = (
				C5F0B0CF2C53EA04004CD80F /* Debug */,
				C5F0B0D02C53EA04004CD80F /* Release */,
			);
			defaultConfigurationIsVisible = 0;
			defaultConfigurationName = Release;
		};
		C5F0B0D12C53EA04004CD80F /* Build configuration list for PBXNativeTarget "SushiGarden" */ = {
			isa = XCConfigurationList;
			buildConfigurations = (
				C5F0B0D22C53EA04004CD80F /* Debug */,
				C5F0B0D32C53EA04004CD80F /* Release */,
			);
			defaultConfigurationIsVisible = 0;
			defaultConfigurationName = Release;
		};
/* End XCConfigurationList section */
	};
	rootObject = C5F0B0BB2C53EA01004CD80F /* Project object */;
}
